
Microsoft Visual Studio Solution File, Format Version 12.00
# Visual Studio 2013
VisualStudioVersion = 12.0.31101.0
MinimumVisualStudioVersion = 10.0.40219.1
Project("{FAE04EC0-301F-11D3-BF4B-00C04F79EFBC}") = "SystemEkspercki", "SystemEkspercki\SystemEkspercki.csproj", "{820152A8-69F6-4572-9822-4B5F1D4CF28A}"
EndProject
Project("{FAE04EC0-301F-11D3-BF4B-00C04F79EFBC}") = "SystemEksperckiTests", "SystemEksperckiTests\SystemEksperckiTests.csproj", "{92CB5E9D-D869-4660-8FC2-1F6A0A0C42EA}"
EndProject
Global
	GlobalSection(SolutionConfigurationPlatforms) = preSolution
		Debug|Any CPU = Debug|Any CPU
		Release|Any CPU = Release|Any CPU
	EndGlobalSection
	GlobalSection(ProjectConfigurationPlatforms) = postSolution
		{820152A8-69F6-4572-9822-4B5F1D4CF28A}.Debug|Any CPU.ActiveCfg = Debug|Any CPU
		{820152A8-69F6-4572-9822-4B5F1D4CF28A}.Debug|Any CPU.Build.0 = Debug|Any CPU
		{820152A8-69F6-4572-9822-4B5F1D4CF28A}.Release|Any CPU.ActiveCfg = Release|Any CPU
		{820152A8-69F6-4572-9822-4B5F1D4CF28A}.Release|Any CPU.Build.0 = Release|Any CPU
		{92CB5E9D-D869-4660-8FC2-1F6A0A0C42EA}.Debug|Any CPU.ActiveCfg = Debug|Any CPU
		{92CB5E9D-D869-4660-8FC2-1F6A0A0C42EA}.Debug|Any CPU.Build.0 = Debug|Any CPU
		{92CB5E9D-D869-4660-8FC2-1F6A0A0C42EA}.Release|Any CPU.ActiveCfg = Release|Any CPU
		{92CB5E9D-D869-4660-8FC2-1F6A0A0C42EA}.Release|Any CPU.Build.0 = Release|Any CPU
	EndGlobalSection
	GlobalSection(SolutionProperties) = preSolution
		HideSolutionNode = FALSE
	EndGlobalSection
EndGlobal
